
Microsoft Visual Studio Solution File, Format Version 12.00
# Visual Studio Version 17
VisualStudioVersion = 17.5.002.0
MinimumVisualStudioVersion = 10.0.40219.1
Project("{2150E333-8FDC-42A3-9474-1A3956D46DE8}") = "Lections", "Lections", "{A1A41677-978E-461D-AE2E-AA703779834A}"
EndProject
Project("{9A19103F-16F7-4668-BE54-9A1E7A4F7556}") = "Ex1_HelloConsole", "Lections\Ex1_HelloConsole\Ex1_HelloConsole.csproj", "{C7CBA74C-87BB-47B1-9959-8303F1161BBC}"
EndProject
Project("{2150E333-8FDC-42A3-9474-1A3956D46DE8}") = "Seminars", "Seminars", "{08F6AB94-A132-4690-A1A9-BD774DDAD55D}"
EndProject
Project("{2150E333-8FDC-42A3-9474-1A3956D46DE8}") = "Seminar1", "Seminar1", "{84E8F650-30A1-4D77-8AEB-E3EA64453725}"
EndProject
Project("{9A19103F-16F7-4668-BE54-9A1E7A4F7556}") = "HW1Task1", "Seminars\Seminar1\HW1Task1\HW1Task1.csproj", "{967AD33A-87B6-4088-A634-69A971578702}"
EndProject
Project("{9A19103F-16F7-4668-BE54-9A1E7A4F7556}") = "HW1Task2", "Seminars\Seminar1\HW1Task2\HW1Task2.csproj", "{4F193386-8BC8-4480-B3EC-B259C8F9AA0D}"
EndProject
Project("{9A19103F-16F7-4668-BE54-9A1E7A4F7556}") = "HWTask3", "Seminars\Seminar1\HWTask3\HWTask3.csproj", "{030A896F-6E2B-458A-B35D-ED00F705318F}"
EndProject
Project("{9A19103F-16F7-4668-BE54-9A1E7A4F7556}") = "HWTask4", "Seminars\Seminar1\HWTask4\HWTask4.csproj", "{B342E792-9026-4ECF-AAFA-8CCA6626A3FE}"
EndProject
Project("{2150E333-8FDC-42A3-9474-1A3956D46DE8}") = "Seminar2", "Seminar2", "{54763866-FF64-4DAE-960E-82C7B2275E55}"
EndProject
Project("{9A19103F-16F7-4668-BE54-9A1E7A4F7556}") = "HWTask1", "Seminars\Seminar2\HWTask1\HWTask1.csproj", "{02E81019-F866-4B3B-815C-510B79B94922}"
EndProject
Project("{9A19103F-16F7-4668-BE54-9A1E7A4F7556}") = "HWTask2", "Seminars\Seminar2\HWTask2\HWTask2.csproj", "{D0F234DD-1D92-4F8A-9D22-D41C5121939A}"
EndProject
Project("{9A19103F-16F7-4668-BE54-9A1E7A4F7556}") = "HWTask3", "Seminars\Seminar2\HWTask3\HWTask3.csproj", "{E9F568BD-4927-4350-8174-190467367C39}"
EndProject
Project("{9A19103F-16F7-4668-BE54-9A1E7A4F7556}") = "task", "Seminars\Seminar2\task\task.csproj", "{4F584CB5-0369-49D2-BD9B-9F09A8397226}"
EndProject
Project("{9A19103F-16F7-4668-BE54-9A1E7A4F7556}") = "task2", "Seminars\Seminar2\task2\task2.csproj", "{1888E660-5749-44C4-BC74-871C47BB6B85}"
EndProject
Project("{9A19103F-16F7-4668-BE54-9A1E7A4F7556}") = "task3", "Seminars\Seminar2\task3\task3.csproj", "{7E7342BA-D157-40C4-B079-9A435FD75A9B}"
EndProject
Project("{9A19103F-16F7-4668-BE54-9A1E7A4F7556}") = "task4", "Seminars\Seminar2\task4\task4.csproj", "{C540312C-698F-4B91-A6F7-9404839A9782}"
EndProject
Project("{9A19103F-16F7-4668-BE54-9A1E7A4F7556}") = "task5", "Seminars\Seminar2\task5\task5.csproj", "{8BAE9BFF-B9E7-4033-AC03-5E42F741621B}"
EndProject
Project("{2150E333-8FDC-42A3-9474-1A3956D46DE8}") = "Seminar3", "Seminar3", "{9B25C672-9379-44C5-9B80-1D4811FF7CF2}"
EndProject
Project("{9A19103F-16F7-4668-BE54-9A1E7A4F7556}") = "HW3task1", "Seminars\Seminar3\HW3task1\HW3task1.csproj", "{2A038F1E-8BF4-4A9E-B2F8-A89078E8750B}"
EndProject
Project("{9A19103F-16F7-4668-BE54-9A1E7A4F7556}") = "HW3task2", "Seminars\Seminar3\HW3task2\HW3task2.csproj", "{97B0279F-109F-446A-85A1-494966F45366}"
EndProject
Project("{9A19103F-16F7-4668-BE54-9A1E7A4F7556}") = "HW3task3", "Seminars\Seminar3\HW3task3\HW3task3.csproj", "{9E9B60B0-8C6D-4751-A7C7-3499101E45B5}"
EndProject
Project("{9A19103F-16F7-4668-BE54-9A1E7A4F7556}") = "task18", "Seminars\Seminar3\task18\task18.csproj", "{CBDAEB25-95E4-4272-A45B-059430E8AFC7}"
EndProject
Project("{9A19103F-16F7-4668-BE54-9A1E7A4F7556}") = "task21", "Seminars\Seminar3\task21\task21.csproj", "{A10738E0-F8FF-4DE2-912D-C0212FF3D530}"
EndProject
Project("{9A19103F-16F7-4668-BE54-9A1E7A4F7556}") = "task22", "Seminars\Seminar3\task22\task22.csproj", "{E1A38241-7C2D-442D-8598-2856F12F97AE}"
EndProject
Project("{2150E333-8FDC-42A3-9474-1A3956D46DE8}") = "Seminar4", "Seminar4", "{A1EF3987-E734-4B52-9217-C3A1847BBC80}"
EndProject
Project("{9A19103F-16F7-4668-BE54-9A1E7A4F7556}") = "HW4task1", "Seminars\Seminar4\HW4task1\HW4task1.csproj", "{A1E0FC73-519F-49E5-B07C-03B0AF21AE96}"
EndProject
Project("{9A19103F-16F7-4668-BE54-9A1E7A4F7556}") = "HW4task2", "Seminars\Seminar4\HW4task2\HW4task2.csproj", "{DF31A927-B2EA-4F21-B80E-4B2942DDBD92}"
EndProject
Project("{9A19103F-16F7-4668-BE54-9A1E7A4F7556}") = "HW4task3", "Seminars\Seminar4\HW4task3\HW4task3.csproj", "{CBBA602D-5338-48F4-A2BA-CD3D77EE59A3}"
EndProject
Project("{2150E333-8FDC-42A3-9474-1A3956D46DE8}") = "Seminar5", "Seminar5", "{A9932136-37A3-4BC7-94A5-7D312F75FFD9}"
EndProject
Project("{9A19103F-16F7-4668-BE54-9A1E7A4F7556}") = "HWtask1", "Seminars\Seminar5\HWtask1\HWtask1.csproj", "{70175347-6C36-4C83-8FA6-637102FCB398}"
EndProject
Project("{9A19103F-16F7-4668-BE54-9A1E7A4F7556}") = "HWtask2", "Seminars\Seminar5\HWtask2\HWtask2.csproj", "{2919D6C9-EC0B-4A14-B5AD-2847D70D2E88}"
EndProject
Project("{9A19103F-16F7-4668-BE54-9A1E7A4F7556}") = "HWtask3", "Seminars\Seminar5\HWtask3\HWtask3.csproj", "{5AFBD898-3170-4067-8842-12C6C76F2D21}"
EndProject
Project("{9A19103F-16F7-4668-BE54-9A1E7A4F7556}") = "task1", "Seminars\Seminar5\task1\task1.csproj", "{2AAD2156-A3B7-4BD2-965F-7E4A63BB0CCB}"
EndProject
Project("{9A19103F-16F7-4668-BE54-9A1E7A4F7556}") = "task2", "Seminars\Seminar5\task2\task2.csproj", "{1AB63492-BF3A-43AA-8F24-FCDA2A8E96CC}"
EndProject
Project("{9A19103F-16F7-4668-BE54-9A1E7A4F7556}") = "task3", "Seminars\Seminar5\task3\task3.csproj", "{D027A8F9-F536-4947-B1B8-B420954B59BC}"
EndProject
Project("{9A19103F-16F7-4668-BE54-9A1E7A4F7556}") = "task4", "Seminars\Seminar5\task4\task4.csproj", "{25A94C61-26A3-4613-8D94-6076B7B4BAFA}"
EndProject
Project("{2150E333-8FDC-42A3-9474-1A3956D46DE8}") = "Seminar6", "Seminar6", "{C6857250-B3C2-4B80-A94F-E790FCBFAADA}"
EndProject
Project("{9A19103F-16F7-4668-BE54-9A1E7A4F7556}") = "HWtask2", "Seminars\Seminar6\HWtask2\HWtask2.csproj", "{9300A5EF-329E-4CB8-8973-759F3BCA8532}"
EndProject
Project("{9A19103F-16F7-4668-BE54-9A1E7A4F7556}") = "task1", "Seminars\Seminar6\task1\task1.csproj", "{383145A9-DC7C-4F51-B62C-359557DF4F79}"
EndProject
Global
	GlobalSection(SolutionConfigurationPlatforms) = preSolution
		Debug|Any CPU = Debug|Any CPU
		Release|Any CPU = Release|Any CPU
	EndGlobalSection
	GlobalSection(ProjectConfigurationPlatforms) = postSolution
		{C7CBA74C-87BB-47B1-9959-8303F1161BBC}.Debug|Any CPU.ActiveCfg = Debug|Any CPU
		{C7CBA74C-87BB-47B1-9959-8303F1161BBC}.Debug|Any CPU.Build.0 = Debug|Any CPU
		{C7CBA74C-87BB-47B1-9959-8303F1161BBC}.Release|Any CPU.ActiveCfg = Release|Any CPU
		{C7CBA74C-87BB-47B1-9959-8303F1161BBC}.Release|Any CPU.Build.0 = Release|Any CPU
		{967AD33A-87B6-4088-A634-69A971578702}.Debug|Any CPU.ActiveCfg = Debug|Any CPU
		{967AD33A-87B6-4088-A634-69A971578702}.Debug|Any CPU.Build.0 = Debug|Any CPU
		{967AD33A-87B6-4088-A634-69A971578702}.Release|Any CPU.ActiveCfg = Release|Any CPU
		{967AD33A-87B6-4088-A634-69A971578702}.Release|Any CPU.Build.0 = Release|Any CPU
		{4F193386-8BC8-4480-B3EC-B259C8F9AA0D}.Debug|Any CPU.ActiveCfg = Debug|Any CPU
		{4F193386-8BC8-4480-B3EC-B259C8F9AA0D}.Debug|Any CPU.Build.0 = Debug|Any CPU
		{4F193386-8BC8-4480-B3EC-B259C8F9AA0D}.Release|Any CPU.ActiveCfg = Release|Any CPU
		{4F193386-8BC8-4480-B3EC-B259C8F9AA0D}.Release|Any CPU.Build.0 = Release|Any CPU
		{030A896F-6E2B-458A-B35D-ED00F705318F}.Debug|Any CPU.ActiveCfg = Debug|Any CPU
		{030A896F-6E2B-458A-B35D-ED00F705318F}.Debug|Any CPU.Build.0 = Debug|Any CPU
		{030A896F-6E2B-458A-B35D-ED00F705318F}.Release|Any CPU.ActiveCfg = Release|Any CPU
		{030A896F-6E2B-458A-B35D-ED00F705318F}.Release|Any CPU.Build.0 = Release|Any CPU
		{B342E792-9026-4ECF-AAFA-8CCA6626A3FE}.Debug|Any CPU.ActiveCfg = Debug|Any CPU
		{B342E792-9026-4ECF-AAFA-8CCA6626A3FE}.Debug|Any CPU.Build.0 = Debug|Any CPU
		{B342E792-9026-4ECF-AAFA-8CCA6626A3FE}.Release|Any CPU.ActiveCfg = Release|Any CPU
		{B342E792-9026-4ECF-AAFA-8CCA6626A3FE}.Release|Any CPU.Build.0 = Release|Any CPU
		{02E81019-F866-4B3B-815C-510B79B94922}.Debug|Any CPU.ActiveCfg = Debug|Any CPU
		{02E81019-F866-4B3B-815C-510B79B94922}.Debug|Any CPU.Build.0 = Debug|Any CPU
		{02E81019-F866-4B3B-815C-510B79B94922}.Release|Any CPU.ActiveCfg = Release|Any CPU
		{02E81019-F866-4B3B-815C-510B79B94922}.Release|Any CPU.Build.0 = Release|Any CPU
		{D0F234DD-1D92-4F8A-9D22-D41C5121939A}.Debug|Any CPU.ActiveCfg = Debug|Any CPU
		{D0F234DD-1D92-4F8A-9D22-D41C5121939A}.Debug|Any CPU.Build.0 = Debug|Any CPU
		{D0F234DD-1D92-4F8A-9D22-D41C5121939A}.Release|Any CPU.ActiveCfg = Release|Any CPU
		{D0F234DD-1D92-4F8A-9D22-D41C5121939A}.Release|Any CPU.Build.0 = Release|Any CPU
		{E9F568BD-4927-4350-8174-190467367C39}.Debug|Any CPU.ActiveCfg = Debug|Any CPU
		{E9F568BD-4927-4350-8174-190467367C39}.Debug|Any CPU.Build.0 = Debug|Any CPU
		{E9F568BD-4927-4350-8174-190467367C39}.Release|Any CPU.ActiveCfg = Release|Any CPU
		{E9F568BD-4927-4350-8174-190467367C39}.Release|Any CPU.Build.0 = Release|Any CPU
		{4F584CB5-0369-49D2-BD9B-9F09A8397226}.Debug|Any CPU.ActiveCfg = Debug|Any CPU
		{4F584CB5-0369-49D2-BD9B-9F09A8397226}.Debug|Any CPU.Build.0 = Debug|Any CPU
		{4F584CB5-0369-49D2-BD9B-9F09A8397226}.Release|Any CPU.ActiveCfg = Release|Any CPU
		{4F584CB5-0369-49D2-BD9B-9F09A8397226}.Release|Any CPU.Build.0 = Release|Any CPU
		{1888E660-5749-44C4-BC74-871C47BB6B85}.Debug|Any CPU.ActiveCfg = Debug|Any CPU
		{1888E660-5749-44C4-BC74-871C47BB6B85}.Debug|Any CPU.Build.0 = Debug|Any CPU
		{1888E660-5749-44C4-BC74-871C47BB6B85}.Release|Any CPU.ActiveCfg = Release|Any CPU
		{1888E660-5749-44C4-BC74-871C47BB6B85}.Release|Any CPU.Build.0 = Release|Any CPU
		{7E7342BA-D157-40C4-B079-9A435FD75A9B}.Debug|Any CPU.ActiveCfg = Debug|Any CPU
		{7E7342BA-D157-40C4-B079-9A435FD75A9B}.Debug|Any CPU.Build.0 = Debug|Any CPU
		{7E7342BA-D157-40C4-B079-9A435FD75A9B}.Release|Any CPU.ActiveCfg = Release|Any CPU
		{7E7342BA-D157-40C4-B079-9A435FD75A9B}.Release|Any CPU.Build.0 = Release|Any CPU
		{C540312C-698F-4B91-A6F7-9404839A9782}.Debug|Any CPU.ActiveCfg = Debug|Any CPU
		{C540312C-698F-4B91-A6F7-9404839A9782}.Debug|Any CPU.Build.0 = Debug|Any CPU
		{C540312C-698F-4B91-A6F7-9404839A9782}.Release|Any CPU.ActiveCfg = Release|Any CPU
		{C540312C-698F-4B91-A6F7-9404839A9782}.Release|Any CPU.Build.0 = Release|Any CPU
		{8BAE9BFF-B9E7-4033-AC03-5E42F741621B}.Debug|Any CPU.ActiveCfg = Debug|Any CPU
		{8BAE9BFF-B9E7-4033-AC03-5E42F741621B}.Debug|Any CPU.Build.0 = Debug|Any CPU
		{8BAE9BFF-B9E7-4033-AC03-5E42F741621B}.Release|Any CPU.ActiveCfg = Release|Any CPU
		{8BAE9BFF-B9E7-4033-AC03-5E42F741621B}.Release|Any CPU.Build.0 = Release|Any CPU
		{2A038F1E-8BF4-4A9E-B2F8-A89078E8750B}.Debug|Any CPU.ActiveCfg = Debug|Any CPU
		{2A038F1E-8BF4-4A9E-B2F8-A89078E8750B}.Debug|Any CPU.Build.0 = Debug|Any CPU
		{2A038F1E-8BF4-4A9E-B2F8-A89078E8750B}.Release|Any CPU.ActiveCfg = Release|Any CPU
		{2A038F1E-8BF4-4A9E-B2F8-A89078E8750B}.Release|Any CPU.Build.0 = Release|Any CPU
		{97B0279F-109F-446A-85A1-494966F45366}.Debug|Any CPU.ActiveCfg = Debug|Any CPU
		{97B0279F-109F-446A-85A1-494966F45366}.Debug|Any CPU.Build.0 = Debug|Any CPU
		{97B0279F-109F-446A-85A1-494966F45366}.Release|Any CPU.ActiveCfg = Release|Any CPU
		{97B0279F-109F-446A-85A1-494966F45366}.Release|Any CPU.Build.0 = Release|Any CPU
		{9E9B60B0-8C6D-4751-A7C7-3499101E45B5}.Debug|Any CPU.ActiveCfg = Debug|Any CPU
		{9E9B60B0-8C6D-4751-A7C7-3499101E45B5}.Debug|Any CPU.Build.0 = Debug|Any CPU
		{9E9B60B0-8C6D-4751-A7C7-3499101E45B5}.Release|Any CPU.ActiveCfg = Release|Any CPU
		{9E9B60B0-8C6D-4751-A7C7-3499101E45B5}.Release|Any CPU.Build.0 = Release|Any CPU
		{CBDAEB25-95E4-4272-A45B-059430E8AFC7}.Debug|Any CPU.ActiveCfg = Debug|Any CPU
		{CBDAEB25-95E4-4272-A45B-059430E8AFC7}.Debug|Any CPU.Build.0 = Debug|Any CPU
		{CBDAEB25-95E4-4272-A45B-059430E8AFC7}.Release|Any CPU.ActiveCfg = Release|Any CPU
		{CBDAEB25-95E4-4272-A45B-059430E8AFC7}.Release|Any CPU.Build.0 = Release|Any CPU
		{A10738E0-F8FF-4DE2-912D-C0212FF3D530}.Debug|Any CPU.ActiveCfg = Debug|Any CPU
		{A10738E0-F8FF-4DE2-912D-C0212FF3D530}.Debug|Any CPU.Build.0 = Debug|Any CPU
		{A10738E0-F8FF-4DE2-912D-C0212FF3D530}.Release|Any CPU.ActiveCfg = Release|Any CPU
		{A10738E0-F8FF-4DE2-912D-C0212FF3D530}.Release|Any CPU.Build.0 = Release|Any CPU
		{E1A38241-7C2D-442D-8598-2856F12F97AE}.Debug|Any CPU.ActiveCfg = Debug|Any CPU
		{E1A38241-7C2D-442D-8598-2856F12F97AE}.Debug|Any CPU.Build.0 = Debug|Any CPU
		{E1A38241-7C2D-442D-8598-2856F12F97AE}.Release|Any CPU.ActiveCfg = Release|Any CPU
		{E1A38241-7C2D-442D-8598-2856F12F97AE}.Release|Any CPU.Build.0 = Release|Any CPU
		{A1E0FC73-519F-49E5-B07C-03B0AF21AE96}.Debug|Any CPU.ActiveCfg = Debug|Any CPU
		{A1E0FC73-519F-49E5-B07C-03B0AF21AE96}.Debug|Any CPU.Build.0 = Debug|Any CPU
		{A1E0FC73-519F-49E5-B07C-03B0AF21AE96}.Release|Any CPU.ActiveCfg = Release|Any CPU
		{A1E0FC73-519F-49E5-B07C-03B0AF21AE96}.Release|Any CPU.Build.0 = Release|Any CPU
		{DF31A927-B2EA-4F21-B80E-4B2942DDBD92}.Debug|Any CPU.ActiveCfg = Debug|Any CPU
		{DF31A927-B2EA-4F21-B80E-4B2942DDBD92}.Debug|Any CPU.Build.0 = Debug|Any CPU
		{DF31A927-B2EA-4F21-B80E-4B2942DDBD92}.Release|Any CPU.ActiveCfg = Release|Any CPU
		{DF31A927-B2EA-4F21-B80E-4B2942DDBD92}.Release|Any CPU.Build.0 = Release|Any CPU
		{CBBA602D-5338-48F4-A2BA-CD3D77EE59A3}.Debug|Any CPU.ActiveCfg = Debug|Any CPU
		{CBBA602D-5338-48F4-A2BA-CD3D77EE59A3}.Debug|Any CPU.Build.0 = Debug|Any CPU
		{CBBA602D-5338-48F4-A2BA-CD3D77EE59A3}.Release|Any CPU.ActiveCfg = Release|Any CPU
		{CBBA602D-5338-48F4-A2BA-CD3D77EE59A3}.Release|Any CPU.Build.0 = Release|Any CPU
		{70175347-6C36-4C83-8FA6-637102FCB398}.Debug|Any CPU.ActiveCfg = Debug|Any CPU
		{70175347-6C36-4C83-8FA6-637102FCB398}.Debug|Any CPU.Build.0 = Debug|Any CPU
		{70175347-6C36-4C83-8FA6-637102FCB398}.Release|Any CPU.ActiveCfg = Release|Any CPU
		{70175347-6C36-4C83-8FA6-637102FCB398}.Release|Any CPU.Build.0 = Release|Any CPU
		{2919D6C9-EC0B-4A14-B5AD-2847D70D2E88}.Debug|Any CPU.ActiveCfg = Debug|Any CPU
		{2919D6C9-EC0B-4A14-B5AD-2847D70D2E88}.Debug|Any CPU.Build.0 = Debug|Any CPU
		{2919D6C9-EC0B-4A14-B5AD-2847D70D2E88}.Release|Any CPU.ActiveCfg = Release|Any CPU
		{2919D6C9-EC0B-4A14-B5AD-2847D70D2E88}.Release|Any CPU.Build.0 = Release|Any CPU
		{5AFBD898-3170-4067-8842-12C6C76F2D21}.Debug|Any CPU.ActiveCfg = Debug|Any CPU
		{5AFBD898-3170-4067-8842-12C6C76F2D21}.Debug|Any CPU.Build.0 = Debug|Any CPU
		{5AFBD898-3170-4067-8842-12C6C76F2D21}.Release|Any CPU.ActiveCfg = Release|Any CPU
		{5AFBD898-3170-4067-8842-12C6C76F2D21}.Release|Any CPU.Build.0 = Release|Any CPU
		{2AAD2156-A3B7-4BD2-965F-7E4A63BB0CCB}.Debug|Any CPU.ActiveCfg = Debug|Any CPU
		{2AAD2156-A3B7-4BD2-965F-7E4A63BB0CCB}.Debug|Any CPU.Build.0 = Debug|Any CPU
		{2AAD2156-A3B7-4BD2-965F-7E4A63BB0CCB}.Release|Any CPU.ActiveCfg = Release|Any CPU
		{2AAD2156-A3B7-4BD2-965F-7E4A63BB0CCB}.Release|Any CPU.Build.0 = Release|Any CPU
		{1AB63492-BF3A-43AA-8F24-FCDA2A8E96CC}.Debug|Any CPU.ActiveCfg = Debug|Any CPU
		{1AB63492-BF3A-43AA-8F24-FCDA2A8E96CC}.Debug|Any CPU.Build.0 = Debug|Any CPU
		{1AB63492-BF3A-43AA-8F24-FCDA2A8E96CC}.Release|Any CPU.ActiveCfg = Release|Any CPU
		{1AB63492-BF3A-43AA-8F24-FCDA2A8E96CC}.Release|Any CPU.Build.0 = Release|Any CPU
		{D027A8F9-F536-4947-B1B8-B420954B59BC}.Debug|Any CPU.ActiveCfg = Debug|Any CPU
		{D027A8F9-F536-4947-B1B8-B420954B59BC}.Debug|Any CPU.Build.0 = Debug|Any CPU
		{D027A8F9-F536-4947-B1B8-B420954B59BC}.Release|Any CPU.ActiveCfg = Release|Any CPU
		{D027A8F9-F536-4947-B1B8-B420954B59BC}.Release|Any CPU.Build.0 = Release|Any CPU
		{25A94C61-26A3-4613-8D94-6076B7B4BAFA}.Debug|Any CPU.ActiveCfg = Debug|Any CPU
		{25A94C61-26A3-4613-8D94-6076B7B4BAFA}.Debug|Any CPU.Build.0 = Debug|Any CPU
		{25A94C61-26A3-4613-8D94-6076B7B4BAFA}.Release|Any CPU.ActiveCfg = Release|Any CPU
		{25A94C61-26A3-4613-8D94-6076B7B4BAFA}.Release|Any CPU.Build.0 = Release|Any CPU
		{9300A5EF-329E-4CB8-8973-759F3BCA8532}.Debug|Any CPU.ActiveCfg = Debug|Any CPU
		{9300A5EF-329E-4CB8-8973-759F3BCA8532}.Debug|Any CPU.Build.0 = Debug|Any CPU
		{9300A5EF-329E-4CB8-8973-759F3BCA8532}.Release|Any CPU.ActiveCfg = Release|Any CPU
		{9300A5EF-329E-4CB8-8973-759F3BCA8532}.Release|Any CPU.Build.0 = Release|Any CPU
		{383145A9-DC7C-4F51-B62C-359557DF4F79}.Debug|Any CPU.ActiveCfg = Debug|Any CPU
		{383145A9-DC7C-4F51-B62C-359557DF4F79}.Debug|Any CPU.Build.0 = Debug|Any CPU
		{383145A9-DC7C-4F51-B62C-359557DF4F79}.Release|Any CPU.ActiveCfg = Release|Any CPU
		{383145A9-DC7C-4F51-B62C-359557DF4F79}.Release|Any CPU.Build.0 = Release|Any CPU
	EndGlobalSection
	GlobalSection(SolutionProperties) = preSolution
		HideSolutionNode = FALSE
	EndGlobalSection
	GlobalSection(NestedProjects) = preSolution
		{C7CBA74C-87BB-47B1-9959-8303F1161BBC} = {A1A41677-978E-461D-AE2E-AA703779834A}
		{84E8F650-30A1-4D77-8AEB-E3EA64453725} = {08F6AB94-A132-4690-A1A9-BD774DDAD55D}
		{967AD33A-87B6-4088-A634-69A971578702} = {84E8F650-30A1-4D77-8AEB-E3EA64453725}
		{4F193386-8BC8-4480-B3EC-B259C8F9AA0D} = {84E8F650-30A1-4D77-8AEB-E3EA64453725}
		{030A896F-6E2B-458A-B35D-ED00F705318F} = {84E8F650-30A1-4D77-8AEB-E3EA64453725}
		{B342E792-9026-4ECF-AAFA-8CCA6626A3FE} = {84E8F650-30A1-4D77-8AEB-E3EA64453725}
		{54763866-FF64-4DAE-960E-82C7B2275E55} = {08F6AB94-A132-4690-A1A9-BD774DDAD55D}
		{02E81019-F866-4B3B-815C-510B79B94922} = {54763866-FF64-4DAE-960E-82C7B2275E55}
		{D0F234DD-1D92-4F8A-9D22-D41C5121939A} = {54763866-FF64-4DAE-960E-82C7B2275E55}
		{E9F568BD-4927-4350-8174-190467367C39} = {54763866-FF64-4DAE-960E-82C7B2275E55}
		{4F584CB5-0369-49D2-BD9B-9F09A8397226} = {54763866-FF64-4DAE-960E-82C7B2275E55}
		{1888E660-5749-44C4-BC74-871C47BB6B85} = {54763866-FF64-4DAE-960E-82C7B2275E55}
		{7E7342BA-D157-40C4-B079-9A435FD75A9B} = {54763866-FF64-4DAE-960E-82C7B2275E55}
		{C540312C-698F-4B91-A6F7-9404839A9782} = {54763866-FF64-4DAE-960E-82C7B2275E55}
		{8BAE9BFF-B9E7-4033-AC03-5E42F741621B} = {54763866-FF64-4DAE-960E-82C7B2275E55}
		{9B25C672-9379-44C5-9B80-1D4811FF7CF2} = {08F6AB94-A132-4690-A1A9-BD774DDAD55D}
		{2A038F1E-8BF4-4A9E-B2F8-A89078E8750B} = {9B25C672-9379-44C5-9B80-1D4811FF7CF2}
		{97B0279F-109F-446A-85A1-494966F45366} = {9B25C672-9379-44C5-9B80-1D4811FF7CF2}
		{9E9B60B0-8C6D-4751-A7C7-3499101E45B5} = {9B25C672-9379-44C5-9B80-1D4811FF7CF2}
		{CBDAEB25-95E4-4272-A45B-059430E8AFC7} = {9B25C672-9379-44C5-9B80-1D4811FF7CF2}
		{A10738E0-F8FF-4DE2-912D-C0212FF3D530} = {9B25C672-9379-44C5-9B80-1D4811FF7CF2}
		{E1A38241-7C2D-442D-8598-2856F12F97AE} = {9B25C672-9379-44C5-9B80-1D4811FF7CF2}
		{A1EF3987-E734-4B52-9217-C3A1847BBC80} = {08F6AB94-A132-4690-A1A9-BD774DDAD55D}
		{A1E0FC73-519F-49E5-B07C-03B0AF21AE96} = {A1EF3987-E734-4B52-9217-C3A1847BBC80}
		{DF31A927-B2EA-4F21-B80E-4B2942DDBD92} = {A1EF3987-E734-4B52-9217-C3A1847BBC80}
		{CBBA602D-5338-48F4-A2BA-CD3D77EE59A3} = {A1EF3987-E734-4B52-9217-C3A1847BBC80}
		{A9932136-37A3-4BC7-94A5-7D312F75FFD9} = {08F6AB94-A132-4690-A1A9-BD774DDAD55D}
		{70175347-6C36-4C83-8FA6-637102FCB398} = {A9932136-37A3-4BC7-94A5-7D312F75FFD9}
		{2919D6C9-EC0B-4A14-B5AD-2847D70D2E88} = {A9932136-37A3-4BC7-94A5-7D312F75FFD9}
		{5AFBD898-3170-4067-8842-12C6C76F2D21} = {A9932136-37A3-4BC7-94A5-7D312F75FFD9}
		{2AAD2156-A3B7-4BD2-965F-7E4A63BB0CCB} = {A9932136-37A3-4BC7-94A5-7D312F75FFD9}
		{1AB63492-BF3A-43AA-8F24-FCDA2A8E96CC} = {A9932136-37A3-4BC7-94A5-7D312F75FFD9}
		{D027A8F9-F536-4947-B1B8-B420954B59BC} = {A9932136-37A3-4BC7-94A5-7D312F75FFD9}
		{25A94C61-26A3-4613-8D94-6076B7B4BAFA} = {A9932136-37A3-4BC7-94A5-7D312F75FFD9}
		{C6857250-B3C2-4B80-A94F-E790FCBFAADA} = {08F6AB94-A132-4690-A1A9-BD774DDAD55D}
		{9300A5EF-329E-4CB8-8973-759F3BCA8532} = {C6857250-B3C2-4B80-A94F-E790FCBFAADA}
		{383145A9-DC7C-4F51-B62C-359557DF4F79} = {C6857250-B3C2-4B80-A94F-E790FCBFAADA}
	EndGlobalSection
	GlobalSection(ExtensibilityGlobals) = postSolution
		SolutionGuid = {AAFA0A62-C525-44C6-A126-95E83A158493}
	EndGlobalSection
EndGlobal
